
Microsoft Visual Studio Solution File, Format Version 12.00
# Visual Studio Version 16
VisualStudioVersion = 16.0.31729.503
MinimumVisualStudioVersion = 10.0.40219.1
Project("{FAE04EC0-301F-11D3-BF4B-00C04F79EFBC}") = "VanLangDoctor", "VanLangDoctor\VanLangDoctor.csproj", "{79DA1A3B-72AA-43F1-B4C7-049F192C262A}"
EndProject
Global
	GlobalSection(SolutionConfigurationPlatforms) = preSolution
		Debug|Any CPU = Debug|Any CPU
		Release|Any CPU = Release|Any CPU
	EndGlobalSection
	GlobalSection(ProjectConfigurationPlatforms) = postSolution
		{79DA1A3B-72AA-43F1-B4C7-049F192C262A}.Debug|Any CPU.ActiveCfg = Debug|Any CPU
		{79DA1A3B-72AA-43F1-B4C7-049F192C262A}.Debug|Any CPU.Build.0 = Debug|Any CPU
		{79DA1A3B-72AA-43F1-B4C7-049F192C262A}.Release|Any CPU.ActiveCfg = Release|Any CPU
		{79DA1A3B-72AA-43F1-B4C7-049F192C262A}.Release|Any CPU.Build.0 = Release|Any CPU
	EndGlobalSection
	GlobalSection(SolutionProperties) = preSolution
		HideSolutionNode = FALSE
	EndGlobalSection
	GlobalSection(ExtensibilityGlobals) = postSolution
		SolutionGuid = {415E0678-8B67-42FA-A11F-C5F195C013A0}
	EndGlobalSection
EndGlobal
